
Microsoft Visual Studio Solution File, Format Version 12.00
# Visual Studio 2012
Project("{8BC9CEB8-8B4A-11D0-8D11-00A0C91BC942}") = "TestAppConsole", "TestAppConsole\TestAppConsole.vcxproj", "{37A42535-B7F7-4395-A723-72D26D7BBEAD}"
EndProject
Project("{FAE04EC0-301F-11D3-BF4B-00C04F79EFBC}") = "TestAppNet", "TestAppNet\TestAppNet.csproj", "{7DAB04E0-82ED-4E1D-B33C-3ACED2FA3195}"
EndProject
Project("{FAE04EC0-301F-11D3-BF4B-00C04F79EFBC}") = "TestAppWPF", "TestAppWPF\TestAppWPF.csproj", "{29D38FD8-5D57-44B1-9E2D-27B0FA52FFB7}"
EndProject
Project("{FAE04EC0-301F-11D3-BF4B-00C04F79EFBC}") = "UIPrototype", "UIPrototype\UIPrototype.csproj", "{8A5C442C-FD54-402D-8996-0F0C5BE575E8}"
EndProject
Global
	GlobalSection(SolutionConfigurationPlatforms) = preSolution
		Debug|Any CPU = Debug|Any CPU
		Debug|ARM = Debug|ARM
		Debug|Mixed Platforms = Debug|Mixed Platforms
		Debug|Win32 = Debug|Win32
		Debug|x64 = Debug|x64
		Debug|x86 = Debug|x86
		Release|Any CPU = Release|Any CPU
		Release|ARM = Release|ARM
		Release|Mixed Platforms = Release|Mixed Platforms
		Release|Win32 = Release|Win32
		Release|x64 = Release|x64
		Release|x86 = Release|x86
	EndGlobalSection
	GlobalSection(ProjectConfigurationPlatforms) = postSolution
		{37A42535-B7F7-4395-A723-72D26D7BBEAD}.Debug|Any CPU.ActiveCfg = Debug|Win32
		{37A42535-B7F7-4395-A723-72D26D7BBEAD}.Debug|ARM.ActiveCfg = Debug|Win32
		{37A42535-B7F7-4395-A723-72D26D7BBEAD}.Debug|Mixed Platforms.ActiveCfg = Debug|Win32
		{37A42535-B7F7-4395-A723-72D26D7BBEAD}.Debug|Mixed Platforms.Build.0 = Debug|Win32
		{37A42535-B7F7-4395-A723-72D26D7BBEAD}.Debug|Win32.ActiveCfg = Debug|Win32
		{37A42535-B7F7-4395-A723-72D26D7BBEAD}.Debug|Win32.Build.0 = Debug|Win32
		{37A42535-B7F7-4395-A723-72D26D7BBEAD}.Debug|x64.ActiveCfg = Debug|Win32
		{37A42535-B7F7-4395-A723-72D26D7BBEAD}.Debug|x86.ActiveCfg = Debug|Win32
		{37A42535-B7F7-4395-A723-72D26D7BBEAD}.Debug|x86.Build.0 = Debug|Win32
		{37A42535-B7F7-4395-A723-72D26D7BBEAD}.Release|Any CPU.ActiveCfg = Release|Win32
		{37A42535-B7F7-4395-A723-72D26D7BBEAD}.Release|ARM.ActiveCfg = Release|Win32
		{37A42535-B7F7-4395-A723-72D26D7BBEAD}.Release|Mixed Platforms.ActiveCfg = Release|Win32
		{37A42535-B7F7-4395-A723-72D26D7BBEAD}.Release|Mixed Platforms.Build.0 = Release|Win32
		{37A42535-B7F7-4395-A723-72D26D7BBEAD}.Release|Win32.ActiveCfg = Release|Win32
		{37A42535-B7F7-4395-A723-72D26D7BBEAD}.Release|Win32.Build.0 = Release|Win32
		{37A42535-B7F7-4395-A723-72D26D7BBEAD}.Release|x64.ActiveCfg = Release|Win32
		{37A42535-B7F7-4395-A723-72D26D7BBEAD}.Release|x86.ActiveCfg = Release|Win32
		{37A42535-B7F7-4395-A723-72D26D7BBEAD}.Release|x86.Build.0 = Release|Win32
		{7DAB04E0-82ED-4E1D-B33C-3ACED2FA3195}.Debug|Any CPU.ActiveCfg = Debug|Any CPU
		{7DAB04E0-82ED-4E1D-B33C-3ACED2FA3195}.Debug|Any CPU.Build.0 = Debug|Any CPU
		{7DAB04E0-82ED-4E1D-B33C-3ACED2FA3195}.Debug|Any CPU.Deploy.0 = Debug|Any CPU
		{7DAB04E0-82ED-4E1D-B33C-3ACED2FA3195}.Debug|ARM.ActiveCfg = Debug|ARM
		{7DAB04E0-82ED-4E1D-B33C-3ACED2FA3195}.Debug|ARM.Build.0 = Debug|ARM
		{7DAB04E0-82ED-4E1D-B33C-3ACED2FA3195}.Debug|ARM.Deploy.0 = Debug|ARM
		{7DAB04E0-82ED-4E1D-B33C-3ACED2FA3195}.Debug|Mixed Platforms.ActiveCfg = Debug|x86
		{7DAB04E0-82ED-4E1D-B33C-3ACED2FA3195}.Debug|Mixed Platforms.Build.0 = Debug|x86
		{7DAB04E0-82ED-4E1D-B33C-3ACED2FA3195}.Debug|Mixed Platforms.Deploy.0 = Debug|x86
		{7DAB04E0-82ED-4E1D-B33C-3ACED2FA3195}.Debug|Win32.ActiveCfg = Debug|x86
		{7DAB04E0-82ED-4E1D-B33C-3ACED2FA3195}.Debug|Win32.Build.0 = Debug|x86
		{7DAB04E0-82ED-4E1D-B33C-3ACED2FA3195}.Debug|Win32.Deploy.0 = Debug|x86
		{7DAB04E0-82ED-4E1D-B33C-3ACED2FA3195}.Debug|x64.ActiveCfg = Debug|x64
		{7DAB04E0-82ED-4E1D-B33C-3ACED2FA3195}.Debug|x64.Build.0 = Debug|x64
		{7DAB04E0-82ED-4E1D-B33C-3ACED2FA3195}.Debug|x64.Deploy.0 = Debug|x64
		{7DAB04E0-82ED-4E1D-B33C-3ACED2FA3195}.Debug|x86.ActiveCfg = Debug|x86
		{7DAB04E0-82ED-4E1D-B33C-3ACED2FA3195}.Debug|x86.Build.0 = Debug|x86
		{7DAB04E0-82ED-4E1D-B33C-3ACED2FA3195}.Debug|x86.Deploy.0 = Debug|x86
		{7DAB04E0-82ED-4E1D-B33C-3ACED2FA3195}.Release|Any CPU.ActiveCfg = Release|Any CPU
		{7DAB04E0-82ED-4E1D-B33C-3ACED2FA3195}.Release|Any CPU.Build.0 = Release|Any CPU
		{7DAB04E0-82ED-4E1D-B33C-3ACED2FA3195}.Release|Any CPU.Deploy.0 = Release|Any CPU
		{7DAB04E0-82ED-4E1D-B33C-3ACED2FA3195}.Release|ARM.ActiveCfg = Release|ARM
		{7DAB04E0-82ED-4E1D-B33C-3ACED2FA3195}.Release|ARM.Build.0 = Release|ARM
		{7DAB04E0-82ED-4E1D-B33C-3ACED2FA3195}.Release|ARM.Deploy.0 = Release|ARM
		{7DAB04E0-82ED-4E1D-B33C-3ACED2FA3195}.Release|Mixed Platforms.ActiveCfg = Release|x86
		{7DAB04E0-82ED-4E1D-B33C-3ACED2FA3195}.Release|Mixed Platforms.Build.0 = Release|x86
		{7DAB04E0-82ED-4E1D-B33C-3ACED2FA3195}.Release|Mixed Platforms.Deploy.0 = Release|x86
		{7DAB04E0-82ED-4E1D-B33C-3ACED2FA3195}.Release|Win32.ActiveCfg = Release|x86
		{7DAB04E0-82ED-4E1D-B33C-3ACED2FA3195}.Release|Win32.Build.0 = Release|x86
		{7DAB04E0-82ED-4E1D-B33C-3ACED2FA3195}.Release|Win32.Deploy.0 = Release|x86
		{7DAB04E0-82ED-4E1D-B33C-3ACED2FA3195}.Release|x64.ActiveCfg = Release|x64
		{7DAB04E0-82ED-4E1D-B33C-3ACED2FA3195}.Release|x64.Build.0 = Release|x64
		{7DAB04E0-82ED-4E1D-B33C-3ACED2FA3195}.Release|x64.Deploy.0 = Release|x64
		{7DAB04E0-82ED-4E1D-B33C-3ACED2FA3195}.Release|x86.ActiveCfg = Release|x86
		{7DAB04E0-82ED-4E1D-B33C-3ACED2FA3195}.Release|x86.Build.0 = Release|x86
		{7DAB04E0-82ED-4E1D-B33C-3ACED2FA3195}.Release|x86.Deploy.0 = Release|x86
		{29D38FD8-5D57-44B1-9E2D-27B0FA52FFB7}.Debug|Any CPU.ActiveCfg = Debug|Any CPU
		{29D38FD8-5D57-44B1-9E2D-27B0FA52FFB7}.Debug|Any CPU.Build.0 = Debug|Any CPU
		{29D38FD8-5D57-44B1-9E2D-27B0FA52FFB7}.Debug|ARM.ActiveCfg = Debug|Any CPU
		{29D38FD8-5D57-44B1-9E2D-27B0FA52FFB7}.Debug|Mixed Platforms.ActiveCfg = Debug|Any CPU
		{29D38FD8-5D57-44B1-9E2D-27B0FA52FFB7}.Debug|Mixed Platforms.Build.0 = Debug|Any CPU
		{29D38FD8-5D57-44B1-9E2D-27B0FA52FFB7}.Debug|Win32.ActiveCfg = Debug|Any CPU
		{29D38FD8-5D57-44B1-9E2D-27B0FA52FFB7}.Debug|x64.ActiveCfg = Debug|Any CPU
		{29D38FD8-5D57-44B1-9E2D-27B0FA52FFB7}.Debug|x86.ActiveCfg = Debug|Any CPU
		{29D38FD8-5D57-44B1-9E2D-27B0FA52FFB7}.Release|Any CPU.ActiveCfg = Release|Any CPU
		{29D38FD8-5D57-44B1-9E2D-27B0FA52FFB7}.Release|Any CPU.Build.0 = Release|Any CPU
		{29D38FD8-5D57-44B1-9E2D-27B0FA52FFB7}.Release|ARM.ActiveCfg = Release|Any CPU
		{29D38FD8-5D57-44B1-9E2D-27B0FA52FFB7}.Release|Mixed Platforms.ActiveCfg = Release|Any CPU
		{29D38FD8-5D57-44B1-9E2D-27B0FA52FFB7}.Release|Mixed Platforms.Build.0 = Release|Any CPU
		{29D38FD8-5D57-44B1-9E2D-27B0FA52FFB7}.Release|Win32.ActiveCfg = Release|Any CPU
		{29D38FD8-5D57-44B1-9E2D-27B0FA52FFB7}.Release|x64.ActiveCfg = Release|Any CPU
		{29D38FD8-5D57-44B1-9E2D-27B0FA52FFB7}.Release|x86.ActiveCfg = Release|Any CPU
		{8A5C442C-FD54-402D-8996-0F0C5BE575E8}.Debug|Any CPU.ActiveCfg = Debug|Any CPU
		{8A5C442C-FD54-402D-8996-0F0C5BE575E8}.Debug|Any CPU.Build.0 = Debug|Any CPU
		{8A5C442C-FD54-402D-8996-0F0C5BE575E8}.Debug|Any CPU.Deploy.0 = Debug|Any CPU
		{8A5C442C-FD54-402D-8996-0F0C5BE575E8}.Debug|ARM.ActiveCfg = Debug|ARM
		{8A5C442C-FD54-402D-8996-0F0C5BE575E8}.Debug|ARM.Build.0 = Debug|ARM
		{8A5C442C-FD54-402D-8996-0F0C5BE575E8}.Debug|ARM.Deploy.0 = Debug|ARM
		{8A5C442C-FD54-402D-8996-0F0C5BE575E8}.Debug|Mixed Platforms.ActiveCfg = Debug|x86
		{8A5C442C-FD54-402D-8996-0F0C5BE575E8}.Debug|Mixed Platforms.Build.0 = Debug|x86
		{8A5C442C-FD54-402D-8996-0F0C5BE575E8}.Debug|Mixed Platforms.Deploy.0 = Debug|x86
		{8A5C442C-FD54-402D-8996-0F0C5BE575E8}.Debug|Win32.ActiveCfg = Debug|x86
		{8A5C442C-FD54-402D-8996-0F0C5BE575E8}.Debug|Win32.Build.0 = Debug|x86
		{8A5C442C-FD54-402D-8996-0F0C5BE575E8}.Debug|Win32.Deploy.0 = Debug|x86
		{8A5C442C-FD54-402D-8996-0F0C5BE575E8}.Debug|x64.ActiveCfg = Debug|x64
		{8A5C442C-FD54-402D-8996-0F0C5BE575E8}.Debug|x64.Build.0 = Debug|x64
		{8A5C442C-FD54-402D-8996-0F0C5BE575E8}.Debug|x64.Deploy.0 = Debug|x64
		{8A5C442C-FD54-402D-8996-0F0C5BE575E8}.Debug|x86.ActiveCfg = Debug|x86
		{8A5C442C-FD54-402D-8996-0F0C5BE575E8}.Debug|x86.Build.0 = Debug|x86
		{8A5C442C-FD54-402D-8996-0F0C5BE575E8}.Debug|x86.Deploy.0 = Debug|x86
		{8A5C442C-FD54-402D-8996-0F0C5BE575E8}.Release|Any CPU.ActiveCfg = Release|Any CPU
		{8A5C442C-FD54-402D-8996-0F0C5BE575E8}.Release|Any CPU.Build.0 = Release|Any CPU
		{8A5C442C-FD54-402D-8996-0F0C5BE575E8}.Release|Any CPU.Deploy.0 = Release|Any CPU
		{8A5C442C-FD54-402D-8996-0F0C5BE575E8}.Release|ARM.ActiveCfg = Release|ARM
		{8A5C442C-FD54-402D-8996-0F0C5BE575E8}.Release|ARM.Build.0 = Release|ARM
		{8A5C442C-FD54-402D-8996-0F0C5BE575E8}.Release|ARM.Deploy.0 = Release|ARM
		{8A5C442C-FD54-402D-8996-0F0C5BE575E8}.Release|Mixed Platforms.ActiveCfg = Release|x86
		{8A5C442C-FD54-402D-8996-0F0C5BE575E8}.Release|Mixed Platforms.Build.0 = Release|x86
		{8A5C442C-FD54-402D-8996-0F0C5BE575E8}.Release|Mixed Platforms.Deploy.0 = Release|x86
		{8A5C442C-FD54-402D-8996-0F0C5BE575E8}.Release|Win32.ActiveCfg = Release|x86
		{8A5C442C-FD54-402D-8996-0F0C5BE575E8}.Release|Win32.Build.0 = Release|x86
		{8A5C442C-FD54-402D-8996-0F0C5BE575E8}.Release|Win32.Deploy.0 = Release|x86
		{8A5C442C-FD54-402D-8996-0F0C5BE575E8}.Release|x64.ActiveCfg = Release|x64
		{8A5C442C-FD54-402D-8996-0F0C5BE575E8}.Release|x64.Build.0 = Release|x64
		{8A5C442C-FD54-402D-8996-0F0C5BE575E8}.Release|x64.Deploy.0 = Release|x64
		{8A5C442C-FD54-402D-8996-0F0C5BE575E8}.Release|x86.ActiveCfg = Release|x86
		{8A5C442C-FD54-402D-8996-0F0C5BE575E8}.Release|x86.Build.0 = Release|x86
		{8A5C442C-FD54-402D-8996-0F0C5BE575E8}.Release|x86.Deploy.0 = Release|x86
	EndGlobalSection
	GlobalSection(SolutionProperties) = preSolution
		HideSolutionNode = FALSE
	EndGlobalSection
EndGlobal
