
Microsoft Visual Studio Solution File, Format Version 11.00
# Visual Studio 2010
Project("{FAE04EC0-301F-11D3-BF4B-00C04F79EFBC}") = "DotNetVersions3", "DotNetVersions3\DotNetVersions3.csproj", "{BF7BBA42-767B-427B-870E-A730873BF91B}"
EndProject
Project("{FAE04EC0-301F-11D3-BF4B-00C04F79EFBC}") = "DotNetVersions3.5", "DotNetVersions3.5\DotNetVersions3.5.csproj", "{3A59779D-C8E1-4664-8D30-9753C5BE4203}"
EndProject
Project("{FAE04EC0-301F-11D3-BF4B-00C04F79EFBC}") = "DotNetVersions4", "DotNetVersions4\DotNetVersions4.csproj", "{FC9B6DF1-8A43-4BD3-BA65-CD5F16C8EE53}"
EndProject
Project("{FAE04EC0-301F-11D3-BF4B-00C04F79EFBC}") = "DotNetVersions2", "DotNetVersions2\DotNetVersions2.csproj", "{BA3305F8-C13B-48C7-80E6-781D0EB71976}"
EndProject
Project("{FAE04EC0-301F-11D3-BF4B-00C04F79EFBC}") = "PrintingDaemon", "PrintingDaemon\PrintingDaemon.csproj", "{503FF7E6-110B-4BF7-B9FB-518E9435864C}"
EndProject
Global
	GlobalSection(SubversionScc) = preSolution
		Svn-Managed = True
		Manager = AnkhSVN - Subversion Support for Visual Studio
	EndGlobalSection
	GlobalSection(SolutionConfigurationPlatforms) = preSolution
		Debug|Any CPU = Debug|Any CPU
		Debug|Mixed Platforms = Debug|Mixed Platforms
		Debug|x86 = Debug|x86
		Release|Any CPU = Release|Any CPU
		Release|Mixed Platforms = Release|Mixed Platforms
		Release|x86 = Release|x86
	EndGlobalSection
	GlobalSection(ProjectConfigurationPlatforms) = postSolution
		{BF7BBA42-767B-427B-870E-A730873BF91B}.Debug|Any CPU.ActiveCfg = Debug|x86
		{BF7BBA42-767B-427B-870E-A730873BF91B}.Debug|Mixed Platforms.ActiveCfg = Debug|x86
		{BF7BBA42-767B-427B-870E-A730873BF91B}.Debug|Mixed Platforms.Build.0 = Debug|x86
		{BF7BBA42-767B-427B-870E-A730873BF91B}.Debug|x86.ActiveCfg = Debug|x86
		{BF7BBA42-767B-427B-870E-A730873BF91B}.Debug|x86.Build.0 = Debug|x86
		{BF7BBA42-767B-427B-870E-A730873BF91B}.Release|Any CPU.ActiveCfg = Release|x86
		{BF7BBA42-767B-427B-870E-A730873BF91B}.Release|Mixed Platforms.ActiveCfg = Release|x86
		{BF7BBA42-767B-427B-870E-A730873BF91B}.Release|Mixed Platforms.Build.0 = Release|x86
		{BF7BBA42-767B-427B-870E-A730873BF91B}.Release|x86.ActiveCfg = Release|x86
		{BF7BBA42-767B-427B-870E-A730873BF91B}.Release|x86.Build.0 = Release|x86
		{3A59779D-C8E1-4664-8D30-9753C5BE4203}.Debug|Any CPU.ActiveCfg = Debug|x86
		{3A59779D-C8E1-4664-8D30-9753C5BE4203}.Debug|Mixed Platforms.ActiveCfg = Debug|x86
		{3A59779D-C8E1-4664-8D30-9753C5BE4203}.Debug|Mixed Platforms.Build.0 = Debug|x86
		{3A59779D-C8E1-4664-8D30-9753C5BE4203}.Debug|x86.ActiveCfg = Debug|x86
		{3A59779D-C8E1-4664-8D30-9753C5BE4203}.Debug|x86.Build.0 = Debug|x86
		{3A59779D-C8E1-4664-8D30-9753C5BE4203}.Release|Any CPU.ActiveCfg = Release|x86
		{3A59779D-C8E1-4664-8D30-9753C5BE4203}.Release|Mixed Platforms.ActiveCfg = Release|x86
		{3A59779D-C8E1-4664-8D30-9753C5BE4203}.Release|Mixed Platforms.Build.0 = Release|x86
		{3A59779D-C8E1-4664-8D30-9753C5BE4203}.Release|x86.ActiveCfg = Release|x86
		{3A59779D-C8E1-4664-8D30-9753C5BE4203}.Release|x86.Build.0 = Release|x86
		{FC9B6DF1-8A43-4BD3-BA65-CD5F16C8EE53}.Debug|Any CPU.ActiveCfg = Debug|x86
		{FC9B6DF1-8A43-4BD3-BA65-CD5F16C8EE53}.Debug|Mixed Platforms.ActiveCfg = Debug|x86
		{FC9B6DF1-8A43-4BD3-BA65-CD5F16C8EE53}.Debug|Mixed Platforms.Build.0 = Debug|x86
		{FC9B6DF1-8A43-4BD3-BA65-CD5F16C8EE53}.Debug|x86.ActiveCfg = Debug|x86
		{FC9B6DF1-8A43-4BD3-BA65-CD5F16C8EE53}.Debug|x86.Build.0 = Debug|x86
		{FC9B6DF1-8A43-4BD3-BA65-CD5F16C8EE53}.Release|Any CPU.ActiveCfg = Release|x86
		{FC9B6DF1-8A43-4BD3-BA65-CD5F16C8EE53}.Release|Mixed Platforms.ActiveCfg = Release|x86
		{FC9B6DF1-8A43-4BD3-BA65-CD5F16C8EE53}.Release|Mixed Platforms.Build.0 = Release|x86
		{FC9B6DF1-8A43-4BD3-BA65-CD5F16C8EE53}.Release|x86.ActiveCfg = Release|x86
		{FC9B6DF1-8A43-4BD3-BA65-CD5F16C8EE53}.Release|x86.Build.0 = Release|x86
		{BA3305F8-C13B-48C7-80E6-781D0EB71976}.Debug|Any CPU.ActiveCfg = Debug|x86
		{BA3305F8-C13B-48C7-80E6-781D0EB71976}.Debug|Mixed Platforms.ActiveCfg = Debug|x86
		{BA3305F8-C13B-48C7-80E6-781D0EB71976}.Debug|Mixed Platforms.Build.0 = Debug|x86
		{BA3305F8-C13B-48C7-80E6-781D0EB71976}.Debug|x86.ActiveCfg = Debug|x86
		{BA3305F8-C13B-48C7-80E6-781D0EB71976}.Debug|x86.Build.0 = Debug|x86
		{BA3305F8-C13B-48C7-80E6-781D0EB71976}.Release|Any CPU.ActiveCfg = Release|x86
		{BA3305F8-C13B-48C7-80E6-781D0EB71976}.Release|Mixed Platforms.ActiveCfg = Release|x86
		{BA3305F8-C13B-48C7-80E6-781D0EB71976}.Release|Mixed Platforms.Build.0 = Release|x86
		{BA3305F8-C13B-48C7-80E6-781D0EB71976}.Release|x86.ActiveCfg = Release|x86
		{BA3305F8-C13B-48C7-80E6-781D0EB71976}.Release|x86.Build.0 = Release|x86
		{503FF7E6-110B-4BF7-B9FB-518E9435864C}.Debug|Any CPU.ActiveCfg = Debug|x86
		{503FF7E6-110B-4BF7-B9FB-518E9435864C}.Debug|Mixed Platforms.ActiveCfg = Debug|x86
		{503FF7E6-110B-4BF7-B9FB-518E9435864C}.Debug|Mixed Platforms.Build.0 = Debug|x86
		{503FF7E6-110B-4BF7-B9FB-518E9435864C}.Debug|x86.ActiveCfg = Debug|x86
		{503FF7E6-110B-4BF7-B9FB-518E9435864C}.Debug|x86.Build.0 = Debug|x86
		{503FF7E6-110B-4BF7-B9FB-518E9435864C}.Release|Any CPU.ActiveCfg = Release|x86
		{503FF7E6-110B-4BF7-B9FB-518E9435864C}.Release|Mixed Platforms.ActiveCfg = Release|x86
		{503FF7E6-110B-4BF7-B9FB-518E9435864C}.Release|Mixed Platforms.Build.0 = Release|x86
		{503FF7E6-110B-4BF7-B9FB-518E9435864C}.Release|x86.ActiveCfg = Release|x86
		{503FF7E6-110B-4BF7-B9FB-518E9435864C}.Release|x86.Build.0 = Release|x86
	EndGlobalSection
	GlobalSection(SolutionProperties) = preSolution
		HideSolutionNode = FALSE
	EndGlobalSection
EndGlobal
